// !$*UTF8*$!
{
	archiveVersion = 1;
	classes = {
	};
	objectVersion = 50;
	objects = {

/* Begin PBXBuildFile section */
		C861CF0C207A49220023E080 /* AppDelegate.swift in Sources */ = {isa = PBXBuildFile; fileRef = C861CF0B207A49220023E080 /* AppDelegate.swift */; };
		C861CF0E207A49220023E080 /* HomeVC.swift in Sources */ = {isa = PBXBuildFile; fileRef = C861CF0D207A49220023E080 /* HomeVC.swift */; };
		C861CF13207A49240023E080 /* Assets.xcassets in Resources */ = {isa = PBXBuildFile; fileRef = C861CF12207A49240023E080 /* Assets.xcassets */; };
		C861CF16207A49240023E080 /* LaunchScreen.storyboard in Resources */ = {isa = PBXBuildFile; fileRef = C861CF14207A49240023E080 /* LaunchScreen.storyboard */; };
		C861CF1F207A4C920023E080 /* Service.swift in Sources */ = {isa = PBXBuildFile; fileRef = C861CF1D207A4C920023E080 /* Service.swift */; };
		C861CF20207A4C920023E080 /* view+extension.swift in Sources */ = {isa = PBXBuildFile; fileRef = C861CF1E207A4C920023E080 /* view+extension.swift */; };
		C861CF22207A4CC60023E080 /* ColorExtension.swift in Sources */ = {isa = PBXBuildFile; fileRef = C861CF21207A4CC60023E080 /* ColorExtension.swift */; };
/* End PBXBuildFile section */

/* Begin PBXFileReference section */
		C861CF08207A49220023E080 /* LoginSignup.app */ = {isa = PBXFileReference; explicitFileType = wrapper.application; includeInIndex = 0; path = LoginSignup.app; sourceTree = BUILT_PRODUCTS_DIR; };
		C861CF0B207A49220023E080 /* AppDelegate.swift */ = {isa = PBXFileReference; lastKnownFileType = sourcecode.swift; path = AppDelegate.swift; sourceTree = "<group>"; };
		C861CF0D207A49220023E080 /* HomeVC.swift */ = {isa = PBXFileReference; lastKnownFileType = sourcecode.swift; path = HomeVC.swift; sourceTree = "<group>"; };
		C861CF12207A49240023E080 /* Assets.xcassets */ = {isa = PBXFileReference; lastKnownFileType = folder.assetcatalog; path = Assets.xcassets; sourceTree = "<group>"; };
		C861CF15207A49240023E080 /* Base */ = {isa = PBXFileReference; lastKnownFileType = file.storyboard; name = Base; path = Base.lproj/LaunchScreen.storyboard; sourceTree = "<group>"; };
		C861CF17207A49240023E080 /* Info.plist */ = {isa = PBXFileReference; lastKnownFileType = text.plist.xml; path = Info.plist; sourceTree = "<group>"; };
		C861CF1D207A4C920023E080 /* Service.swift */ = {isa = PBXFileReference; fileEncoding = 4; lastKnownFileType = sourcecode.swift; name = Service.swift; path = ../../../Users/ayanphelix/Desktop/Service.swift; sourceTree = "<group>"; };
		C861CF1E207A4C920023E080 /* view+extension.swift */ = {isa = PBXFileReference; fileEncoding = 4; lastKnownFileType = sourcecode.swift; name = "view+extension.swift"; path = "../../../Users/ayanphelix/Desktop/view+extension.swift"; sourceTree = "<group>"; };
		C861CF21207A4CC60023E080 /* ColorExtension.swift */ = {isa = PBXFileReference; fileEncoding = 4; lastKnownFileType = sourcecode.swift; name = ColorExtension.swift; path = ../../../Users/ayanphelix/Desktop/ColorExtension.swift; sourceTree = "<group>"; };
/* End PBXFileReference section */

/* Begin PBXFrameworksBuildPhase section */
		C861CF05207A49220023E080 /* Frameworks */ = {
			isa = PBXFrameworksBuildPhase;
			buildActionMask = 2147483647;
			files = (
			);
			runOnlyForDeploymentPostprocessing = 0;
		};
/* End PBXFrameworksBuildPhase section */

/* Begin PBXGroup section */
		C861CEFF207A49220023E080 = {
			isa = PBXGroup;
			children = (
				C861CF0A207A49220023E080 /* LoginSignup */,
				C861CF09207A49220023E080 /* Products */,
			);
			sourceTree = "<group>";
		};
		C861CF09207A49220023E080 /* Products */ = {
			isa = PBXGroup;
			children = (
				C861CF08207A49220023E080 /* LoginSignup.app */,
			);
			name = Products;
			sourceTree = "<group>";
		};
		C861CF0A207A49220023E080 /* LoginSignup */ = {
			isa = PBXGroup;
			children = (
				C861CF0B207A49220023E080 /* AppDelegate.swift */,
				C861CF21207A4CC60023E080 /* ColorExtension.swift */,
				C861CF1D207A4C920023E080 /* Service.swift */,
				C861CF1E207A4C920023E080 /* view+extension.swift */,
				C861CF0D207A49220023E080 /* HomeVC.swift */,
				C861CF12207A49240023E080 /* Assets.xcassets */,
				C861CF14207A49240023E080 /* LaunchScreen.storyboard */,
				C861CF17207A49240023E080 /* Info.plist */,
			);
			path = LoginSignup;
			sourceTree = "<group>";
		};
/* End PBXGroup section */

/* Begin PBXNativeTarget section */
		C861CF07207A49220023E080 /* LoginSignup */ = {
			isa = PBXNativeTarget;
			buildConfigurationList = C861CF1A207A49240023E080 /* Build configuration list for PBXNativeTarget "LoginSignup" */;
			buildPhases = (
				C861CF04207A49220023E080 /* Sources */,
				C861CF05207A49220023E080 /* Frameworks */,
				C861CF06207A49220023E080 /* Resources */,
			);
			buildRules = (
			);
			dependencies = (
			);
			name = LoginSignup;
			productName = LoginSignup;
			productReference = C861CF08207A49220023E080 /* LoginSignup.app */;
			productType = "com.apple.product-type.application";
		};
/* End PBXNativeTarget section */

/* Begin PBXProject section */
		C861CF00207A49220023E080 /* Project object */ = {
			isa = PBXProject;
			attributes = {
				LastSwiftUpdateCheck = 0930;
				LastUpgradeCheck = 0930;
				ORGANIZATIONNAME = "Ayanbola Felix";
				TargetAttributes = {
					C861CF07207A49220023E080 = {
						CreatedOnToolsVersion = 9.3;
					};
				};
			};
			buildConfigurationList = C861CF03207A49220023E080 /* Build configuration list for PBXProject "LoginSignup" */;
			compatibilityVersion = "Xcode 9.3";
			developmentRegion = en;
			hasScannedForEncodings = 0;
			knownRegions = (
				en,
				Base,
			);
			mainGroup = C861CEFF207A49220023E080;
			productRefGroup = C861CF09207A49220023E080 /* Products */;
			projectDirPath = "";
			projectRoot = "";
			targets = (
				C861CF07207A49220023E080 /* LoginSignup */,
			);
		};
/* End PBXProject section */

/* Begin PBXResourcesBuildPhase section */
		C861CF06207A49220023E080 /* Resources */ = {
			isa = PBXResourcesBuildPhase;
			buildActionMask = 2147483647;
			files = (
				C861CF16207A49240023E080 /* LaunchScreen.storyboard in Resources */,
				C861CF13207A49240023E080 /* Assets.xcassets in Resources */,
			);
			runOnlyForDeploymentPostprocessing = 0;
		};
/* End PBXResourcesBuildPhase section */

/* Begin PBXSourcesBuildPhase section */
		C861CF04207A49220023E080 /* Sources */ = {
			isa = PBXSourcesBuildPhase;
			buildActionMask = 2147483647;
			files = (
				C861CF0E207A49220023E080 /* HomeVC.swift in Sources */,
				C861CF0C207A49220023E080 /* AppDelegate.swift in Sources */,
				C861CF20207A4C920023E080 /* view+extension.swift in Sources */,
				C861CF1F207A4C920023E080 /* Service.swift in Sources */,
				C861CF22207A4CC60023E080 /* ColorExtension.swift in Sources */,
			);
			runOnlyForDeploymentPostprocessing = 0;
		};
/* End PBXSourcesBuildPhase section */

/* Begin PBXVariantGroup section */
		C861CF14207A49240023E080 /* LaunchScreen.storyboard */ = {
			isa = PBXVariantGroup;
			children = (
				C861CF15207A49240023E080 /* Base */,
			);
			name = LaunchScreen.storyboard;
			sourceTree = "<group>";
		};
/* End PBXVariantGroup section */

/* Begin XCBuildConfiguration section */
		C861CF18207A49240023E080 /* Debug */ = {
			isa = XCBuildConfiguration;
			buildSettings = {
				ALWAYS_SEARCH_USER_PATHS = NO;
				CLANG_ANALYZER_NONNULL = YES;
				CLANG_ANALYZER_NUMBER_OBJECT_CONVERSION = YES_AGGRESSIVE;
				CLANG_CXX_LANGUAGE_STANDARD = "gnu++14";
				CLANG_CXX_LIBRARY = "libc++";
				CLANG_ENABLE_MODULES = YES;
				CLANG_ENABLE_OBJC_ARC = YES;
				CLANG_ENABLE_OBJC_WEAK = YES;
				CLANG_WARN_BLOCK_CAPTURE_AUTORELEASING = YES;
				CLANG_WARN_BOOL_CONVERSION = YES;
				CLANG_WARN_COMMA = YES;
				CLANG_WARN_CONSTANT_CONVERSION = YES;
				CLANG_WARN_DEPRECATED_OBJC_IMPLEMENTATIONS = YES;
				CLANG_WARN_DIRECT_OBJC_ISA_USAGE = YES_ERROR;
				CLANG_WARN_DOCUMENTATION_COMMENTS = YES;
				CLANG_WARN_EMPTY_BODY = YES;
				CLANG_WARN_ENUM_CONVERSION = YES;
				CLANG_WARN_INFINITE_RECURSION = YES;
				CLANG_WARN_INT_CONVERSION = YES;
				CLANG_WARN_NON_LITERAL_NULL_CONVERSION = YES;
				CLANG_WARN_OBJC_IMPLICIT_RETAIN_SELF = YES;
				CLANG_WARN_OBJC_LITERAL_CONVERSION = YES;
				CLANG_WARN_OBJC_ROOT_CLASS = YES_ERROR;
				CLANG_WARN_RANGE_LOOP_ANALYSIS = YES;
				CLANG_WARN_STRICT_PROTOTYPES = YES;
				CLANG_WARN_SUSPICIOUS_MOVE = YES;
				CLANG_WARN_UNGUARDED_AVAILABILITY = YES_AGGRESSIVE;
				CLANG_WARN_UNREACHABLE_CODE = YES;
				CLANG_WARN__DUPLICATE_METHOD_MATCH = YES;
				CODE_SIGN_IDENTITY = "iPhone Developer";
				COPY_PHASE_STRIP = NO;
				DEBUG_INFORMATION_FORMAT = dwarf;
				ENABLE_STRICT_OBJC_MSGSEND = YES;
				ENABLE_TESTABILITY = YES;
				GCC_C_LANGUAGE_STANDARD = gnu11;
				GCC_DYNAMIC_NO_PIC = NO;
				GCC_NO_COMMON_BLOCKS = YES;
				GCC_OPTIMIZATION_LEVEL = 0;
				GCC_PREPROCESSOR_DEFINITIONS = (
					"DEBUG=1",
					"$(inherited)",
				);
				GCC_WARN_64_TO_32_BIT_CONVERSION = YES;
				GCC_WARN_ABOUT_RETURN_TYPE = YES_ERROR;
				GCC_WARN_UNDECLARED_SELECTOR = YES;
				GCC_WARN_UNINITIALIZED_AUTOS = YES_AGGRESSIVE;
				GCC_WARN_UNUSED_FUNCTION = YES;
				GCC_WARN_UNUSED_VARIABLE = YES;
				IPHONEOS_DEPLOYMENT_TARGET = 11.3;
				MTL_ENABLE_DEBUG_INFO = YES;
				ONLY_ACTIVE_ARCH = YES;
				SDKROOT = iphoneos;
				SWIFT_ACTIVE_COMPILATION_CONDITIONS = DEBUG;
				SWIFT_OPTIMIZATION_LEVEL = "-Onone";
			};
			name = Debug;
		};
		C861CF19207A49240023E080 /* Release */ = {
			isa = XCBuildConfiguration;
			buildSettings = {
				ALWAYS_SEARCH_USER_PATHS = NO;
				CLANG_ANALYZER_NONNULL = YES;
				CLANG_ANALYZER_NUMBER_OBJECT_CONVERSION = YES_AGGRESSIVE;
				CLANG_CXX_LANGUAGE_STANDARD = "gnu++14";
				CLANG_CXX_LIBRARY = "libc++";
				CLANG_ENABLE_MODULES = YES;
				CLANG_ENABLE_OBJC_ARC = YES;
				CLANG_ENABLE_OBJC_WEAK = YES;
				CLANG_WARN_BLOCK_CAPTURE_AUTORELEASING = YES;
				CLANG_WARN_BOOL_CONVERSION = YES;
				CLANG_WARN_COMMA = YES;
				CLANG_WARN_CONSTANT_CONVERSION = YES;
				CLANG_WARN_DEPRECATED_OBJC_IMPLEMENTATIONS = YES;
				CLANG_WARN_DIRECT_OBJC_ISA_USAGE = YES_ERROR;
				CLANG_WARN_DOCUMENTATION_COMMENTS = YES;
				CLANG_WARN_EMPTY_BODY = YES;
				CLANG_WARN_ENUM_CONVERSION = YES;
				CLANG_WARN_INFINITE_RECURSION = YES;
				CLANG_WARN_INT_CONVERSION = YES;
				CLANG_WARN_NON_LITERAL_NULL_CONVERSION = YES;
				CLANG_WARN_OBJC_IMPLICIT_RETAIN_SELF = YES;
				CLANG_WARN_OBJC_LITERAL_CONVERSION = YES;
				CLANG_WARN_OBJC_ROOT_CLASS = YES_ERROR;
				CLANG_WARN_RANGE_LOOP_ANALYSIS = YES;
				CLANG_WARN_STRICT_PROTOTYPES = YES;
				CLANG_WARN_SUSPICIOUS_MOVE = YES;
				CLANG_WARN_UNGUARDED_AVAILABILITY = YES_AGGRESSIVE;
				CLANG_WARN_UNREACHABLE_CODE = YES;
				CLANG_WARN__DUPLICATE_METHOD_MATCH = YES;
				CODE_SIGN_IDENTITY = "iPhone Developer";
				COPY_PHASE_STRIP = NO;
				DEBUG_INFORMATION_FORMAT = "dwarf-with-dsym";
				ENABLE_NS_ASSERTIONS = NO;
				ENABLE_STRICT_OBJC_MSGSEND = YES;
				GCC_C_LANGUAGE_STANDARD = gnu11;
				GCC_NO_COMMON_BLOCKS = YES;
				GCC_WARN_64_TO_32_BIT_CONVERSION = YES;
				GCC_WARN_ABOUT_RETURN_TYPE = YES_ERROR;
				GCC_WARN_UNDECLARED_SELECTOR = YES;
				GCC_WARN_UNINITIALIZED_AUTOS = YES_AGGRESSIVE;
				GCC_WARN_UNUSED_FUNCTION = YES;
				GCC_WARN_UNUSED_VARIABLE = YES;
				IPHONEOS_DEPLOYMENT_TARGET = 11.3;
				MTL_ENABLE_DEBUG_INFO = NO;
				SDKROOT = iphoneos;
				SWIFT_COMPILATION_MODE = wholemodule;
				SWIFT_OPTIMIZATION_LEVEL = "-O";
				VALIDATE_PRODUCT = YES;
			};
			name = Release;
		};
		C861CF1B207A49240023E080 /* Debug */ = {
			isa = XCBuildConfiguration;
			buildSettings = {
				ASSETCATALOG_COMPILER_APPICON_NAME = AppIcon;
				CODE_SIGN_STYLE = Automatic;
				DEVELOPMENT_TEAM = UEGFXUHJDL;
				INFOPLIST_FILE = LoginSignup/Info.plist;
				LD_RUNPATH_SEARCH_PATHS = (
					"$(inherited)",
					"@executable_path/Frameworks",
				);
				PRODUCT_BUNDLE_IDENTIFIER = com.holek.LoginSignup;
				PRODUCT_NAME = "$(TARGET_NAME)";
				SWIFT_VERSION = 4.0;
				TARGETED_DEVICE_FAMILY = "1,2";
			};
			name = Debug;
		};
		C861CF1C207A49240023E080 /* Release */ = {
			isa = XCBuildConfiguration;
			buildSettings = {
				ASSETCATALOG_COMPILER_APPICON_NAME = AppIcon;
				CODE_SIGN_STYLE = Automatic;
				DEVELOPMENT_TEAM = UEGFXUHJDL;
				INFOPLIST_FILE = LoginSignup/Info.plist;
				LD_RUNPATH_SEARCH_PATHS = (
					"$(inherited)",
					"@executable_path/Frameworks",
				);
				PRODUCT_BUNDLE_IDENTIFIER = com.holek.LoginSignup;
				PRODUCT_NAME = "$(TARGET_NAME)";
				SWIFT_VERSION = 4.0;
				TARGETED_DEVICE_FAMILY = "1,2";
			};
			name = Release;
		};
/* End XCBuildConfiguration section */

/* Begin XCConfigurationList section */
		C861CF03207A49220023E080 /* Build configuration list for PBXProject "LoginSignup" */ = {
			isa = XCConfigurationList;
			buildConfigurations = (
				C861CF18207A49240023E080 /* Debug */,
				C861CF19207A49240023E080 /* Release */,
			);
			defaultConfigurationIsVisible = 0;
			defaultConfigurationName = Release;
		};
		C861CF1A207A49240023E080 /* Build configuration list for PBXNativeTarget "LoginSignup" */ = {
			isa = XCConfigurationList;
			buildConfigurations = (
				C861CF1B207A49240023E080 /* Debug */,
				C861CF1C207A49240023E080 /* Release */,
			);
			defaultConfigurationIsVisible = 0;
			defaultConfigurationName = Release;
		};
/* End XCConfigurationList section */
	};
	rootObject = C861CF00207A49220023E080 /* Project object */;
}
